
Microsoft Visual Studio Solution File, Format Version 12.00
# Visual Studio Version 17
VisualStudioVersion = 17.5.002.0
MinimumVisualStudioVersion = 10.0.40219.1
Project("{9A19103F-16F7-4668-BE54-9A1E7A4F7556}") = "ECommerceBackend", "ECommerceBackend.csproj", "{579DCFD7-FEC2-4645-B850-14FAC880A34D}"
EndProject
Global
	GlobalSection(SolutionConfigurationPlatforms) = preSolution
		Debug|Any CPU = Debug|Any CPU
		Release|Any CPU = Release|Any CPU
	EndGlobalSection
	GlobalSection(ProjectConfigurationPlatforms) = postSolution
		{579DCFD7-FEC2-4645-B850-14FAC880A34D}.Debug|Any CPU.ActiveCfg = Debug|Any CPU
		{579DCFD7-FEC2-4645-B850-14FAC880A34D}.Debug|Any CPU.Build.0 = Debug|Any CPU
		{579DCFD7-FEC2-4645-B850-14FAC880A34D}.Release|Any CPU.ActiveCfg = Release|Any CPU
		{579DCFD7-FEC2-4645-B850-14FAC880A34D}.Release|Any CPU.Build.0 = Release|Any CPU
	EndGlobalSection
	GlobalSection(SolutionProperties) = preSolution
		HideSolutionNode = FALSE
	EndGlobalSection
	GlobalSection(ExtensibilityGlobals) = postSolution
		SolutionGuid = {5909CB6D-666D-4F9B-B765-D83A14768781}
	EndGlobalSection
EndGlobal
